
Microsoft Visual Studio Solution File, Format Version 12.00
# Visual Studio 15
VisualStudioVersion = 15.0.27703.2042
MinimumVisualStudioVersion = 10.0.40219.1
Project("{FAE04EC0-301F-11D3-BF4B-00C04F79EFBC}") = "MASGlobalApp", "MASGlobalApp\MASGlobalApp.csproj", "{F296EAD3-1764-478B-B882-A09D9C7AE877}"
EndProject
Project("{FAE04EC0-301F-11D3-BF4B-00C04F79EFBC}") = "MASGlobalApp.Tests", "MASGlobalApp.Tests\MASGlobalApp.Tests.csproj", "{966773D5-C5F4-4896-ACDD-DEB2A0EEB165}"
EndProject
Global
	GlobalSection(SolutionConfigurationPlatforms) = preSolution
		Debug|Any CPU = Debug|Any CPU
		Release|Any CPU = Release|Any CPU
	EndGlobalSection
	GlobalSection(ProjectConfigurationPlatforms) = postSolution
		{F296EAD3-1764-478B-B882-A09D9C7AE877}.Debug|Any CPU.ActiveCfg = Debug|Any CPU
		{F296EAD3-1764-478B-B882-A09D9C7AE877}.Debug|Any CPU.Build.0 = Debug|Any CPU
		{F296EAD3-1764-478B-B882-A09D9C7AE877}.Release|Any CPU.ActiveCfg = Release|Any CPU
		{F296EAD3-1764-478B-B882-A09D9C7AE877}.Release|Any CPU.Build.0 = Release|Any CPU
		{966773D5-C5F4-4896-ACDD-DEB2A0EEB165}.Debug|Any CPU.ActiveCfg = Debug|Any CPU
		{966773D5-C5F4-4896-ACDD-DEB2A0EEB165}.Debug|Any CPU.Build.0 = Debug|Any CPU
		{966773D5-C5F4-4896-ACDD-DEB2A0EEB165}.Release|Any CPU.ActiveCfg = Release|Any CPU
		{966773D5-C5F4-4896-ACDD-DEB2A0EEB165}.Release|Any CPU.Build.0 = Release|Any CPU
	EndGlobalSection
	GlobalSection(SolutionProperties) = preSolution
		HideSolutionNode = FALSE
	EndGlobalSection
	GlobalSection(ExtensibilityGlobals) = postSolution
		SolutionGuid = {40AA4B25-92BC-42F4-A51E-738D1F75FE7B}
	EndGlobalSection
EndGlobal
